
Microsoft Visual Studio Solution File, Format Version 12.00
# Visual Studio Version 17
VisualStudioVersion = 17.5.33530.505
MinimumVisualStudioVersion = 10.0.40219.1
Project("{FAE04EC0-301F-11D3-BF4B-00C04F79EFBC}") = "Email.API", "Email.API\Email.API.csproj", "{501D4B69-64F1-4F5D-8B59-485670EEC206}"
EndProject
Project("{FAE04EC0-301F-11D3-BF4B-00C04F79EFBC}") = "Email.Shared", "Email.Shared\Email.Shared.csproj", "{7BB626D9-BB85-4E1F-9502-A49818B9254F}"
EndProject
Project("{FAE04EC0-301F-11D3-BF4B-00C04F79EFBC}") = "EmailApi.Tests", "EmailApi.Tests\EmailApi.Tests.csproj", "{3830E8A2-C1E3-4CF6-8ABF-1C2A6AEB4657}"
EndProject
Project("{2150E333-8FDC-42A3-9474-1A3956D46DE8}") = "src", "src", "{639342F1-20D0-4635-9109-68DB2AF50FB2}"
EndProject
Project("{2150E333-8FDC-42A3-9474-1A3956D46DE8}") = "Email.API", "Email.API", "{9124E9CD-550A-4298-8CF8-D761DB953FA7}"
	ProjectSection(SolutionItems) = preProject
		EmailApi.Tests\EmailApiTrigger.http = EmailApi.Tests\EmailApiTrigger.http
	EndProjectSection
EndProject
Project("{2150E333-8FDC-42A3-9474-1A3956D46DE8}") = "Email.MessageReceiver", "Email.MessageReceiver", "{2D41406C-E399-4657-82F3-A93E14CF1824}"
EndProject
Project("{FAE04EC0-301F-11D3-BF4B-00C04F79EFBC}") = "Email.MessageProcessor", "Email.MessageProcessor\Email.MessageProcessor.csproj", "{50128A4B-2F8F-40DB-AF16-EC6D3519A188}"
EndProject
Global
	GlobalSection(SolutionConfigurationPlatforms) = preSolution
		Debug|Any CPU = Debug|Any CPU
		Release|Any CPU = Release|Any CPU
	EndGlobalSection
	GlobalSection(ProjectConfigurationPlatforms) = postSolution
		{501D4B69-64F1-4F5D-8B59-485670EEC206}.Debug|Any CPU.ActiveCfg = Debug|Any CPU
		{501D4B69-64F1-4F5D-8B59-485670EEC206}.Debug|Any CPU.Build.0 = Debug|Any CPU
		{501D4B69-64F1-4F5D-8B59-485670EEC206}.Release|Any CPU.ActiveCfg = Release|Any CPU
		{501D4B69-64F1-4F5D-8B59-485670EEC206}.Release|Any CPU.Build.0 = Release|Any CPU
		{7BB626D9-BB85-4E1F-9502-A49818B9254F}.Debug|Any CPU.ActiveCfg = Debug|Any CPU
		{7BB626D9-BB85-4E1F-9502-A49818B9254F}.Debug|Any CPU.Build.0 = Debug|Any CPU
		{7BB626D9-BB85-4E1F-9502-A49818B9254F}.Release|Any CPU.ActiveCfg = Release|Any CPU
		{7BB626D9-BB85-4E1F-9502-A49818B9254F}.Release|Any CPU.Build.0 = Release|Any CPU
		{3830E8A2-C1E3-4CF6-8ABF-1C2A6AEB4657}.Debug|Any CPU.ActiveCfg = Debug|Any CPU
		{3830E8A2-C1E3-4CF6-8ABF-1C2A6AEB4657}.Debug|Any CPU.Build.0 = Debug|Any CPU
		{3830E8A2-C1E3-4CF6-8ABF-1C2A6AEB4657}.Release|Any CPU.ActiveCfg = Release|Any CPU
		{3830E8A2-C1E3-4CF6-8ABF-1C2A6AEB4657}.Release|Any CPU.Build.0 = Release|Any CPU
		{50128A4B-2F8F-40DB-AF16-EC6D3519A188}.Debug|Any CPU.ActiveCfg = Debug|Any CPU
		{50128A4B-2F8F-40DB-AF16-EC6D3519A188}.Debug|Any CPU.Build.0 = Debug|Any CPU
		{50128A4B-2F8F-40DB-AF16-EC6D3519A188}.Release|Any CPU.ActiveCfg = Release|Any CPU
		{50128A4B-2F8F-40DB-AF16-EC6D3519A188}.Release|Any CPU.Build.0 = Release|Any CPU
	EndGlobalSection
	GlobalSection(SolutionProperties) = preSolution
		HideSolutionNode = FALSE
	EndGlobalSection
	GlobalSection(NestedProjects) = preSolution
		{501D4B69-64F1-4F5D-8B59-485670EEC206} = {9124E9CD-550A-4298-8CF8-D761DB953FA7}
		{3830E8A2-C1E3-4CF6-8ABF-1C2A6AEB4657} = {9124E9CD-550A-4298-8CF8-D761DB953FA7}
		{9124E9CD-550A-4298-8CF8-D761DB953FA7} = {639342F1-20D0-4635-9109-68DB2AF50FB2}
		{2D41406C-E399-4657-82F3-A93E14CF1824} = {639342F1-20D0-4635-9109-68DB2AF50FB2}
		{50128A4B-2F8F-40DB-AF16-EC6D3519A188} = {2D41406C-E399-4657-82F3-A93E14CF1824}
	EndGlobalSection
	GlobalSection(ExtensibilityGlobals) = postSolution
		SolutionGuid = {D8577102-09F7-48B9-9CD3-73944B4D3E64}
	EndGlobalSection
EndGlobal
